<?xml version="1.0" encoding="UTF-8" standalone="yes" ?>
<CodeBlocks_project_file>
	<FileVersion major="1" minor="6" />
	<Project>
		<Option title="DefenseMyTower!" />
		<Option pch_mode="2" />
		<Option compiler="gcc" />
		<Build>
			<Target title="Debug">
				<Option output="bin/Debug/DefenseMyTower!" prefix_auto="1" extension_auto="1" />
				<Option object_output="obj/Debug/" />
				<Option type="1" />
				<Option compiler="gcc" />
				<Compiler>
					<Add option="-g" />
					<Add directory="./" />
				</Compiler>
				<Linker>
					<Add option="-lmingw32" />
					<Add option="-lSDL2main" />
					<Add option="-lSDL2" />
					<Add option="-lSDL2_mixer" />
				</Linker>
			</Target>
			<Target title="Release">
				<Option output="bin/Release/DefenseMyTower!" prefix_auto="1" extension_auto="1" />
				<Option object_output="obj/Release/" />
				<Option type="1" />
				<Option compiler="gcc" />
				<Compiler>
					<Add option="-O2" />
					<Add directory="./" />
				</Compiler>
				<Linker>
					<Add option="-s" />
				</Linker>
			</Target>
		</Build>
		<Compiler>
			<Add option="-Wall" />
			<Add option="-fexceptions" />
		</Compiler>
		<Unit filename="Coin.cpp" />
		<Unit filename="Coin.h" />
		<Unit filename="Enemies/Bat.cpp" />
		<Unit filename="Enemies/Bat.h" />
		<Unit filename="Enemies/Boss.cpp" />
		<Unit filename="Enemies/Boss.h" />
		<Unit filename="Enemies/Orc.cpp" />
		<Unit filename="Enemies/Orc.h" />
		<Unit filename="Enemies/Unit.cpp" />
		<Unit filename="Enemies/Unit.h" />
		<Unit filename="Enemies/Vampire.cpp" />
		<Unit filename="Enemies/Vampire.h" />
		<Unit filename="Game.cpp" />
		<Unit filename="Game.h" />
		<Unit filename="HUD.cpp" />
		<Unit filename="HUD.h" />
		<Unit filename="Level.cpp" />
		<Unit filename="Level.h" />
		<Unit filename="Player.cpp" />
		<Unit filename="Player.h" />
		<Unit filename="Skills/FireEffect.cpp" />
		<Unit filename="Skills/FireEffect.h" />
		<Unit filename="Skills/IceEffect.cpp" />
		<Unit filename="Skills/IceEffect.h" />
		<Unit filename="Support/AudioManager.cpp" />
		<Unit filename="Support/AudioManager.h" />
		<Unit filename="Support/TextureLoader.cpp" />
		<Unit filename="Support/TextureLoader.h" />
		<Unit filename="Support/Timer.cpp" />
		<Unit filename="Support/Timer.h" />
		<Unit filename="Support/Vector2D.cpp" />
		<Unit filename="Support/Vector2D.h" />
		<Unit filename="main.cpp" />
		<Extensions>
			<lib_finder disable_auto="1" />
		</Extensions>
	</Project>
</CodeBlocks_project_file>
